
Microsoft Visual Studio Solution File, Format Version 12.00
# Visual Studio 15
VisualStudioVersion = 15.0.28307.106
MinimumVisualStudioVersion = 10.0.40219.1
Project("{FAE04EC0-301F-11D3-BF4B-00C04F79EFBC}") = "AGT_Web_Project", "AGT_Web_Project\AGT_Web_Project.csproj", "{E3B4132B-C534-4338-A22F-F2CC92103747}"
EndProject
Project("{2150E333-8FDC-42A3-9474-1A3956D46DE8}") = "DataAccessLayer", "DataAccessLayer", "{2A245D88-9464-45D1-A75D-5AD9E08DA8DA}"
EndProject
Project("{2150E333-8FDC-42A3-9474-1A3956D46DE8}") = "BusinessLogicLayer", "BusinessLogicLayer", "{74DC65AB-3480-450F-8059-FF5305313447}"
EndProject
Project("{FAE04EC0-301F-11D3-BF4B-00C04F79EFBC}") = "Data", "Data\Data.csproj", "{5A958C81-C9B9-4337-895B-7ECFD633C09F}"
EndProject
Project("{2150E333-8FDC-42A3-9474-1A3956D46DE8}") = "Entity", "Entity", "{0AF26579-8E2E-4D92-A95F-7AF2FC46C9C6}"
EndProject
Project("{FAE04EC0-301F-11D3-BF4B-00C04F79EFBC}") = "Entities", "Entities\Entities.csproj", "{C43F3AEF-DD6B-40B4-97FE-713C171A0A2B}"
EndProject
Project("{FAE04EC0-301F-11D3-BF4B-00C04F79EFBC}") = "FactoryLayer", "FactoryLayer\FactoryLayer.csproj", "{669B7870-544F-46B7-9C38-ADC2E34E44B6}"
EndProject
Global
	GlobalSection(SolutionConfigurationPlatforms) = preSolution
		Debug|Any CPU = Debug|Any CPU
		Release|Any CPU = Release|Any CPU
	EndGlobalSection
	GlobalSection(ProjectConfigurationPlatforms) = postSolution
		{E3B4132B-C534-4338-A22F-F2CC92103747}.Debug|Any CPU.ActiveCfg = Debug|Any CPU
		{E3B4132B-C534-4338-A22F-F2CC92103747}.Debug|Any CPU.Build.0 = Debug|Any CPU
		{E3B4132B-C534-4338-A22F-F2CC92103747}.Release|Any CPU.ActiveCfg = Release|Any CPU
		{E3B4132B-C534-4338-A22F-F2CC92103747}.Release|Any CPU.Build.0 = Release|Any CPU
		{5A958C81-C9B9-4337-895B-7ECFD633C09F}.Debug|Any CPU.ActiveCfg = Debug|Any CPU
		{5A958C81-C9B9-4337-895B-7ECFD633C09F}.Debug|Any CPU.Build.0 = Debug|Any CPU
		{5A958C81-C9B9-4337-895B-7ECFD633C09F}.Release|Any CPU.ActiveCfg = Release|Any CPU
		{5A958C81-C9B9-4337-895B-7ECFD633C09F}.Release|Any CPU.Build.0 = Release|Any CPU
		{C43F3AEF-DD6B-40B4-97FE-713C171A0A2B}.Debug|Any CPU.ActiveCfg = Debug|Any CPU
		{C43F3AEF-DD6B-40B4-97FE-713C171A0A2B}.Debug|Any CPU.Build.0 = Debug|Any CPU
		{C43F3AEF-DD6B-40B4-97FE-713C171A0A2B}.Release|Any CPU.ActiveCfg = Release|Any CPU
		{C43F3AEF-DD6B-40B4-97FE-713C171A0A2B}.Release|Any CPU.Build.0 = Release|Any CPU
		{669B7870-544F-46B7-9C38-ADC2E34E44B6}.Debug|Any CPU.ActiveCfg = Debug|Any CPU
		{669B7870-544F-46B7-9C38-ADC2E34E44B6}.Debug|Any CPU.Build.0 = Debug|Any CPU
		{669B7870-544F-46B7-9C38-ADC2E34E44B6}.Release|Any CPU.ActiveCfg = Release|Any CPU
		{669B7870-544F-46B7-9C38-ADC2E34E44B6}.Release|Any CPU.Build.0 = Release|Any CPU
	EndGlobalSection
	GlobalSection(SolutionProperties) = preSolution
		HideSolutionNode = FALSE
	EndGlobalSection
	GlobalSection(NestedProjects) = preSolution
		{5A958C81-C9B9-4337-895B-7ECFD633C09F} = {2A245D88-9464-45D1-A75D-5AD9E08DA8DA}
		{C43F3AEF-DD6B-40B4-97FE-713C171A0A2B} = {0AF26579-8E2E-4D92-A95F-7AF2FC46C9C6}
		{669B7870-544F-46B7-9C38-ADC2E34E44B6} = {74DC65AB-3480-450F-8059-FF5305313447}
	EndGlobalSection
	GlobalSection(ExtensibilityGlobals) = postSolution
		SolutionGuid = {CE43B137-5B98-4977-8143-D1E6A7B0C9A4}
	EndGlobalSection
EndGlobal
